
Microsoft Visual Studio Solution File, Format Version 12.00
# Visual Studio Version 17
VisualStudioVersion = 17.5.33516.290
MinimumVisualStudioVersion = 10.0.40219.1
Project("{FAE04EC0-301F-11D3-BF4B-00C04F79EFBC}") = "lab7", "lab7\lab7.csproj", "{EBD41B43-D7B4-44C6-87FA-51ED8C86C32E}"
EndProject
Global
	GlobalSection(SolutionConfigurationPlatforms) = preSolution
		Debug|Any CPU = Debug|Any CPU
		Release|Any CPU = Release|Any CPU
	EndGlobalSection
	GlobalSection(ProjectConfigurationPlatforms) = postSolution
		{EBD41B43-D7B4-44C6-87FA-51ED8C86C32E}.Debug|Any CPU.ActiveCfg = Debug|Any CPU
		{EBD41B43-D7B4-44C6-87FA-51ED8C86C32E}.Debug|Any CPU.Build.0 = Debug|Any CPU
		{EBD41B43-D7B4-44C6-87FA-51ED8C86C32E}.Release|Any CPU.ActiveCfg = Release|Any CPU
		{EBD41B43-D7B4-44C6-87FA-51ED8C86C32E}.Release|Any CPU.Build.0 = Release|Any CPU
	EndGlobalSection
	GlobalSection(SolutionProperties) = preSolution
		HideSolutionNode = FALSE
	EndGlobalSection
	GlobalSection(ExtensibilityGlobals) = postSolution
		SolutionGuid = {D8D4DBCA-ECAD-45ED-A1F1-3CB28CFB92F5}
	EndGlobalSection
EndGlobal
